
Microsoft Visual Studio Solution File, Format Version 12.00
# Visual Studio Version 16
VisualStudioVersion = 16.0.30711.63
MinimumVisualStudioVersion = 10.0.40219.1
Project("{9A19103F-16F7-4668-BE54-9A1E7A4F7556}") = "HZY.Admin", "HZY.Admin\HZY.Admin.csproj", "{45DC434D-89AE-40DF-BA21-8DC4F89EDCED}"
EndProject
Project("{9A19103F-16F7-4668-BE54-9A1E7A4F7556}") = "HZY.Toolkit", "HZY.Toolkit\HZY.Toolkit.csproj", "{1560116A-4D3E-459D-AEA0-F4F562455936}"
EndProject
Project("{9A19103F-16F7-4668-BE54-9A1E7A4F7556}") = "HZY.Repository", "HZY.Repository\HZY.Repository.csproj", "{19F7A8F5-103E-40E4-BC8C-26D37AE6BAEA}"
EndProject
Project("{9A19103F-16F7-4668-BE54-9A1E7A4F7556}") = "HZY.Framework", "HZY.Framework\HZY.Framework.csproj", "{82A9224B-C974-41A3-B36B-B381EC46E462}"
EndProject
Project("{2150E333-8FDC-42A3-9474-1A3956D46DE8}") = "001 Admin 后台管理系统", "001 Admin 后台管理系统", "{D97C9CEE-0E7F-47C9-B745-BB5193696966}"
EndProject
Project("{2150E333-8FDC-42A3-9474-1A3956D46DE8}") = "002 数据实体、仓储", "002 数据实体、仓储", "{A67EDA40-FD30-4A18-A6D4-756118337631}"
EndProject
Project("{2150E333-8FDC-42A3-9474-1A3956D46DE8}") = "003 Toolkit 工具", "003 Toolkit 工具", "{8DCC1E5B-39F4-46A2-B1E4-3126AB6A8EDB}"
EndProject
Project("{2150E333-8FDC-42A3-9474-1A3956D46DE8}") = "100 系统框架", "100 系统框架", "{7189C2CD-3E42-485C-B318-5ADD8CCA9B17}"
EndProject
Project("{9A19103F-16F7-4668-BE54-9A1E7A4F7556}") = "HZY.Redis.Service", "HZY.Redis.Service\HZY.Redis.Service.csproj", "{7CEE8038-E20A-47E3-B61F-766C4B32B490}"
EndProject
Project("{2150E333-8FDC-42A3-9474-1A3956D46DE8}") = "004 Redis 服务", "004 Redis 服务", "{64AC902E-ADFC-4846-A69A-3E97DC775C40}"
EndProject
Project("{9A19103F-16F7-4668-BE54-9A1E7A4F7556}") = "HZY.Admin.Services", "HZY.Admin.Services\HZY.Admin.Services.csproj", "{A0A24431-3601-4034-8200-7963BAB1715D}"
EndProject
Project("{9A19103F-16F7-4668-BE54-9A1E7A4F7556}") = "HZY.Admin.Model", "HZY.Admin.Model\HZY.Admin.Model.csproj", "{57738AAC-43E5-47CC-B114-F6FCD570C7B0}"
EndProject
Project("{FAE04EC0-301F-11D3-BF4B-00C04F79EFBC}") = "HZY.Repository.Entity", "HZY.Repository.Entity\HZY.Repository.Entity.csproj", "{A08A5518-E870-4D42-BC2F-3175007BD867}"
EndProject
Global
	GlobalSection(SolutionConfigurationPlatforms) = preSolution
		Debug|Any CPU = Debug|Any CPU
		Release|Any CPU = Release|Any CPU
	EndGlobalSection
	GlobalSection(ProjectConfigurationPlatforms) = postSolution
		{45DC434D-89AE-40DF-BA21-8DC4F89EDCED}.Debug|Any CPU.ActiveCfg = Debug|Any CPU
		{45DC434D-89AE-40DF-BA21-8DC4F89EDCED}.Debug|Any CPU.Build.0 = Debug|Any CPU
		{45DC434D-89AE-40DF-BA21-8DC4F89EDCED}.Release|Any CPU.ActiveCfg = Release|Any CPU
		{45DC434D-89AE-40DF-BA21-8DC4F89EDCED}.Release|Any CPU.Build.0 = Release|Any CPU
		{1560116A-4D3E-459D-AEA0-F4F562455936}.Debug|Any CPU.ActiveCfg = Debug|Any CPU
		{1560116A-4D3E-459D-AEA0-F4F562455936}.Debug|Any CPU.Build.0 = Debug|Any CPU
		{1560116A-4D3E-459D-AEA0-F4F562455936}.Release|Any CPU.ActiveCfg = Release|Any CPU
		{1560116A-4D3E-459D-AEA0-F4F562455936}.Release|Any CPU.Build.0 = Release|Any CPU
		{19F7A8F5-103E-40E4-BC8C-26D37AE6BAEA}.Debug|Any CPU.ActiveCfg = Debug|Any CPU
		{19F7A8F5-103E-40E4-BC8C-26D37AE6BAEA}.Debug|Any CPU.Build.0 = Debug|Any CPU
		{19F7A8F5-103E-40E4-BC8C-26D37AE6BAEA}.Release|Any CPU.ActiveCfg = Release|Any CPU
		{19F7A8F5-103E-40E4-BC8C-26D37AE6BAEA}.Release|Any CPU.Build.0 = Release|Any CPU
		{82A9224B-C974-41A3-B36B-B381EC46E462}.Debug|Any CPU.ActiveCfg = Debug|Any CPU
		{82A9224B-C974-41A3-B36B-B381EC46E462}.Debug|Any CPU.Build.0 = Debug|Any CPU
		{82A9224B-C974-41A3-B36B-B381EC46E462}.Release|Any CPU.ActiveCfg = Release|Any CPU
		{82A9224B-C974-41A3-B36B-B381EC46E462}.Release|Any CPU.Build.0 = Release|Any CPU
		{7CEE8038-E20A-47E3-B61F-766C4B32B490}.Debug|Any CPU.ActiveCfg = Debug|Any CPU
		{7CEE8038-E20A-47E3-B61F-766C4B32B490}.Debug|Any CPU.Build.0 = Debug|Any CPU
		{7CEE8038-E20A-47E3-B61F-766C4B32B490}.Release|Any CPU.ActiveCfg = Release|Any CPU
		{7CEE8038-E20A-47E3-B61F-766C4B32B490}.Release|Any CPU.Build.0 = Release|Any CPU
		{A0A24431-3601-4034-8200-7963BAB1715D}.Debug|Any CPU.ActiveCfg = Debug|Any CPU
		{A0A24431-3601-4034-8200-7963BAB1715D}.Debug|Any CPU.Build.0 = Debug|Any CPU
		{A0A24431-3601-4034-8200-7963BAB1715D}.Release|Any CPU.ActiveCfg = Release|Any CPU
		{A0A24431-3601-4034-8200-7963BAB1715D}.Release|Any CPU.Build.0 = Release|Any CPU
		{57738AAC-43E5-47CC-B114-F6FCD570C7B0}.Debug|Any CPU.ActiveCfg = Debug|Any CPU
		{57738AAC-43E5-47CC-B114-F6FCD570C7B0}.Debug|Any CPU.Build.0 = Debug|Any CPU
		{57738AAC-43E5-47CC-B114-F6FCD570C7B0}.Release|Any CPU.ActiveCfg = Release|Any CPU
		{57738AAC-43E5-47CC-B114-F6FCD570C7B0}.Release|Any CPU.Build.0 = Release|Any CPU
		{A08A5518-E870-4D42-BC2F-3175007BD867}.Debug|Any CPU.ActiveCfg = Debug|Any CPU
		{A08A5518-E870-4D42-BC2F-3175007BD867}.Debug|Any CPU.Build.0 = Debug|Any CPU
		{A08A5518-E870-4D42-BC2F-3175007BD867}.Release|Any CPU.ActiveCfg = Release|Any CPU
		{A08A5518-E870-4D42-BC2F-3175007BD867}.Release|Any CPU.Build.0 = Release|Any CPU
	EndGlobalSection
	GlobalSection(SolutionProperties) = preSolution
		HideSolutionNode = FALSE
	EndGlobalSection
	GlobalSection(NestedProjects) = preSolution
		{45DC434D-89AE-40DF-BA21-8DC4F89EDCED} = {D97C9CEE-0E7F-47C9-B745-BB5193696966}
		{1560116A-4D3E-459D-AEA0-F4F562455936} = {8DCC1E5B-39F4-46A2-B1E4-3126AB6A8EDB}
		{19F7A8F5-103E-40E4-BC8C-26D37AE6BAEA} = {A67EDA40-FD30-4A18-A6D4-756118337631}
		{82A9224B-C974-41A3-B36B-B381EC46E462} = {7189C2CD-3E42-485C-B318-5ADD8CCA9B17}
		{7CEE8038-E20A-47E3-B61F-766C4B32B490} = {64AC902E-ADFC-4846-A69A-3E97DC775C40}
		{A0A24431-3601-4034-8200-7963BAB1715D} = {D97C9CEE-0E7F-47C9-B745-BB5193696966}
		{57738AAC-43E5-47CC-B114-F6FCD570C7B0} = {D97C9CEE-0E7F-47C9-B745-BB5193696966}
		{A08A5518-E870-4D42-BC2F-3175007BD867} = {A67EDA40-FD30-4A18-A6D4-756118337631}
	EndGlobalSection
	GlobalSection(ExtensibilityGlobals) = postSolution
		SolutionGuid = {EEA01E9C-9293-4324-9135-45ACF3A495EC}
	EndGlobalSection
EndGlobal
