
Microsoft Visual Studio Solution File, Format Version 12.00
# Visual Studio Version 16
VisualStudioVersion = 16.0.30711.63
MinimumVisualStudioVersion = 10.0.40219.1
Project("{9A19103F-16F7-4668-BE54-9A1E7A4F7556}") = "HZY.Admin", "HZY.Admin\HZY.Admin.csproj", "{45DC434D-89AE-40DF-BA21-8DC4F89EDCED}"
EndProject
Project("{9A19103F-16F7-4668-BE54-9A1E7A4F7556}") = "HZY.Repository", "HZY.Repository\HZY.Repository.csproj", "{19F7A8F5-103E-40E4-BC8C-26D37AE6BAEA}"
EndProject
Project("{9A19103F-16F7-4668-BE54-9A1E7A4F7556}") = "HZY.Framework", "HZY.Framework\HZY.Framework.csproj", "{82A9224B-C974-41A3-B36B-B381EC46E462}"
EndProject
Project("{2150E333-8FDC-42A3-9474-1A3956D46DE8}") = "001 Admin 后台管理系统", "001 Admin 后台管理系统", "{D97C9CEE-0E7F-47C9-B745-BB5193696966}"
EndProject
Project("{2150E333-8FDC-42A3-9474-1A3956D46DE8}") = "002 数据实体、仓储", "002 数据实体、仓储", "{A67EDA40-FD30-4A18-A6D4-756118337631}"
EndProject
Project("{2150E333-8FDC-42A3-9474-1A3956D46DE8}") = "003 公共库", "003 公共库", "{8DCC1E5B-39F4-46A2-B1E4-3126AB6A8EDB}"
EndProject
Project("{2150E333-8FDC-42A3-9474-1A3956D46DE8}") = "100 系统框架", "100 系统框架", "{7189C2CD-3E42-485C-B318-5ADD8CCA9B17}"
EndProject
Project("{9A19103F-16F7-4668-BE54-9A1E7A4F7556}") = "HZY.Admin.Services", "HZY.Admin.Services\HZY.Admin.Services.csproj", "{A0A24431-3601-4034-8200-7963BAB1715D}"
EndProject
Project("{9A19103F-16F7-4668-BE54-9A1E7A4F7556}") = "HZY.Common", "HZY.Common\HZY.Common.csproj", "{251DDA6C-4879-4E68-81B2-29C0F403C1AB}"
EndProject
Project("{9A19103F-16F7-4668-BE54-9A1E7A4F7556}") = "HZY.Repository.Redis", "HZY.Repository.Redis\HZY.Repository.Redis.csproj", "{C74A5C27-B4AD-4C88-9FF3-A8364C62AB45}"
EndProject
Global
	GlobalSection(SolutionConfigurationPlatforms) = preSolution
		Debug|Any CPU = Debug|Any CPU
		Release|Any CPU = Release|Any CPU
	EndGlobalSection
	GlobalSection(ProjectConfigurationPlatforms) = postSolution
		{45DC434D-89AE-40DF-BA21-8DC4F89EDCED}.Debug|Any CPU.ActiveCfg = Debug|Any CPU
		{45DC434D-89AE-40DF-BA21-8DC4F89EDCED}.Debug|Any CPU.Build.0 = Debug|Any CPU
		{45DC434D-89AE-40DF-BA21-8DC4F89EDCED}.Release|Any CPU.ActiveCfg = Release|Any CPU
		{45DC434D-89AE-40DF-BA21-8DC4F89EDCED}.Release|Any CPU.Build.0 = Release|Any CPU
		{19F7A8F5-103E-40E4-BC8C-26D37AE6BAEA}.Debug|Any CPU.ActiveCfg = Debug|Any CPU
		{19F7A8F5-103E-40E4-BC8C-26D37AE6BAEA}.Debug|Any CPU.Build.0 = Debug|Any CPU
		{19F7A8F5-103E-40E4-BC8C-26D37AE6BAEA}.Release|Any CPU.ActiveCfg = Release|Any CPU
		{19F7A8F5-103E-40E4-BC8C-26D37AE6BAEA}.Release|Any CPU.Build.0 = Release|Any CPU
		{82A9224B-C974-41A3-B36B-B381EC46E462}.Debug|Any CPU.ActiveCfg = Debug|Any CPU
		{82A9224B-C974-41A3-B36B-B381EC46E462}.Debug|Any CPU.Build.0 = Debug|Any CPU
		{82A9224B-C974-41A3-B36B-B381EC46E462}.Release|Any CPU.ActiveCfg = Release|Any CPU
		{82A9224B-C974-41A3-B36B-B381EC46E462}.Release|Any CPU.Build.0 = Release|Any CPU
		{A0A24431-3601-4034-8200-7963BAB1715D}.Debug|Any CPU.ActiveCfg = Debug|Any CPU
		{A0A24431-3601-4034-8200-7963BAB1715D}.Debug|Any CPU.Build.0 = Debug|Any CPU
		{A0A24431-3601-4034-8200-7963BAB1715D}.Release|Any CPU.ActiveCfg = Release|Any CPU
		{A0A24431-3601-4034-8200-7963BAB1715D}.Release|Any CPU.Build.0 = Release|Any CPU
		{251DDA6C-4879-4E68-81B2-29C0F403C1AB}.Debug|Any CPU.ActiveCfg = Debug|Any CPU
		{251DDA6C-4879-4E68-81B2-29C0F403C1AB}.Debug|Any CPU.Build.0 = Debug|Any CPU
		{251DDA6C-4879-4E68-81B2-29C0F403C1AB}.Release|Any CPU.ActiveCfg = Release|Any CPU
		{251DDA6C-4879-4E68-81B2-29C0F403C1AB}.Release|Any CPU.Build.0 = Release|Any CPU
		{C74A5C27-B4AD-4C88-9FF3-A8364C62AB45}.Debug|Any CPU.ActiveCfg = Debug|Any CPU
		{C74A5C27-B4AD-4C88-9FF3-A8364C62AB45}.Debug|Any CPU.Build.0 = Debug|Any CPU
		{C74A5C27-B4AD-4C88-9FF3-A8364C62AB45}.Release|Any CPU.ActiveCfg = Release|Any CPU
		{C74A5C27-B4AD-4C88-9FF3-A8364C62AB45}.Release|Any CPU.Build.0 = Release|Any CPU
	EndGlobalSection
	GlobalSection(SolutionProperties) = preSolution
		HideSolutionNode = FALSE
	EndGlobalSection
	GlobalSection(NestedProjects) = preSolution
		{45DC434D-89AE-40DF-BA21-8DC4F89EDCED} = {D97C9CEE-0E7F-47C9-B745-BB5193696966}
		{19F7A8F5-103E-40E4-BC8C-26D37AE6BAEA} = {A67EDA40-FD30-4A18-A6D4-756118337631}
		{82A9224B-C974-41A3-B36B-B381EC46E462} = {7189C2CD-3E42-485C-B318-5ADD8CCA9B17}
		{A0A24431-3601-4034-8200-7963BAB1715D} = {D97C9CEE-0E7F-47C9-B745-BB5193696966}
		{251DDA6C-4879-4E68-81B2-29C0F403C1AB} = {8DCC1E5B-39F4-46A2-B1E4-3126AB6A8EDB}
		{C74A5C27-B4AD-4C88-9FF3-A8364C62AB45} = {A67EDA40-FD30-4A18-A6D4-756118337631}
	EndGlobalSection
	GlobalSection(ExtensibilityGlobals) = postSolution
		SolutionGuid = {EEA01E9C-9293-4324-9135-45ACF3A495EC}
	EndGlobalSection
EndGlobal
