
Microsoft Visual Studio Solution File, Format Version 12.00
# Visual Studio Version 17
VisualStudioVersion = 17.9.34407.89
MinimumVisualStudioVersion = 10.0.40219.1
Project("{FAE04EC0-301F-11D3-BF4B-00C04F79EFBC}") = "HZY.Admin.Blazor.Client", "HZY.Admin.Blazor.Client\HZY.Admin.Blazor.Client.csproj", "{3AAA4515-690C-4A6B-959F-1DAD8EBD4533}"
EndProject
Global
	GlobalSection(SolutionConfigurationPlatforms) = preSolution
		Debug|Any CPU = Debug|Any CPU
		Release|Any CPU = Release|Any CPU
	EndGlobalSection
	GlobalSection(ProjectConfigurationPlatforms) = postSolution
		{3AAA4515-690C-4A6B-959F-1DAD8EBD4533}.Debug|Any CPU.ActiveCfg = Debug|Any CPU
		{3AAA4515-690C-4A6B-959F-1DAD8EBD4533}.Debug|Any CPU.Build.0 = Debug|Any CPU
		{3AAA4515-690C-4A6B-959F-1DAD8EBD4533}.Release|Any CPU.ActiveCfg = Release|Any CPU
		{3AAA4515-690C-4A6B-959F-1DAD8EBD4533}.Release|Any CPU.Build.0 = Release|Any CPU
	EndGlobalSection
	GlobalSection(SolutionProperties) = preSolution
		HideSolutionNode = FALSE
	EndGlobalSection
	GlobalSection(ExtensibilityGlobals) = postSolution
		SolutionGuid = {A41AE26B-CF96-48EA-9EEB-202ABA63D2AA}
	EndGlobalSection
EndGlobal
