
Microsoft Visual Studio Solution File, Format Version 12.00
# Visual Studio Version 17
VisualStudioVersion = 17.0.31521.260
MinimumVisualStudioVersion = 10.0.40219.1
Project("{9A19103F-16F7-4668-BE54-9A1E7A4F7556}") = "HZY.WebHost", "HZY.WebHost\HZY.WebHost.csproj", "{CB13D6BA-345C-4BCC-A4C1-71B84917764D}"
EndProject
Project("{2150E333-8FDC-42A3-9474-1A3956D46DE8}") = "003 Repositories", "003 Repositories", "{655EA4B2-0D66-4211-99DE-DCDE18CEC4E7}"
EndProject
Project("{2150E333-8FDC-42A3-9474-1A3956D46DE8}") = "001 Core", "001 Core", "{7F20C7A9-E5C5-4723-B63E-C9121502712E}"
EndProject
Project("{2150E333-8FDC-42A3-9474-1A3956D46DE8}") = "002 Models", "002 Models", "{B4A3E74E-489A-4423-B773-A9B40DA71724}"
EndProject
Project("{2150E333-8FDC-42A3-9474-1A3956D46DE8}") = "004 Services", "004 Services", "{A65E72C4-A413-4489-B1DD-BF57B7BECCD5}"
EndProject
Project("{2150E333-8FDC-42A3-9474-1A3956D46DE8}") = "005 Controllers", "005 Controllers", "{8DFE9289-C47F-4356-BBD4-99B9268DEDE4}"
EndProject
Project("{9A19103F-16F7-4668-BE54-9A1E7A4F7556}") = "HZY.Models", "HZY.Models\HZY.Models.csproj", "{A0B64565-3A12-4A1D-98E9-55D8F6CB6FAD}"
EndProject
Project("{9A19103F-16F7-4668-BE54-9A1E7A4F7556}") = "HZY.Repositories", "HZY.Repositories\HZY.Repositories.csproj", "{5DC14405-E55F-412A-8A65-A46246AABEFE}"
EndProject
Project("{9A19103F-16F7-4668-BE54-9A1E7A4F7556}") = "HZY.Repositories.Redis", "HZY.Repositories.Redis\HZY.Repositories.Redis.csproj", "{8CBC2E6E-294C-433E-8045-F40DFC3BB6A0}"
EndProject
Project("{9A19103F-16F7-4668-BE54-9A1E7A4F7556}") = "HZY.Services", "HZY.Services\HZY.Services.csproj", "{16F2D194-1EAB-4161-9857-1B3ED417A620}"
EndProject
Project("{9A19103F-16F7-4668-BE54-9A1E7A4F7556}") = "HZY.Services.Admin", "HZY.Services.Admin\HZY.Services.Admin.csproj", "{A51E20EA-0D1B-4396-8DD6-72C83FBAD379}"
EndProject
Project("{9A19103F-16F7-4668-BE54-9A1E7A4F7556}") = "HZY.Controllers", "HZY.Controllers\HZY.Controllers.csproj", "{539CE6AC-D157-4F77-812A-408C05453F64}"
EndProject
Project("{9A19103F-16F7-4668-BE54-9A1E7A4F7556}") = "HZY.Controllers.Admin", "HZY.Controllers.Admin\HZY.Controllers.Admin.csproj", "{5AF79A3D-934E-49B3-BDC6-251D1F12F9A4}"
EndProject
Project("{9A19103F-16F7-4668-BE54-9A1E7A4F7556}") = "HZY.Controllers.App", "HZY.Controllers.App\HZY.Controllers.App.csproj", "{719D2F24-6C2B-49E7-99B3-E6BECF3F69F0}"
EndProject
Project("{9A19103F-16F7-4668-BE54-9A1E7A4F7556}") = "HZY.Infrastructure", "HZY.Infrastructure\HZY.Infrastructure.csproj", "{30506A40-139E-4014-9CCD-2725CC344F2D}"
EndProject
Project("{9A19103F-16F7-4668-BE54-9A1E7A4F7556}") = "HZY.EFCore", "HZY.EFCore\HZY.EFCore.csproj", "{D0F34C58-D276-441F-AA37-B217FA9CE382}"
EndProject
Project("{9A19103F-16F7-4668-BE54-9A1E7A4F7556}") = "HZY.FreeSqlCore", "HZY.FreeSqlCore\HZY.FreeSqlCore.csproj", "{CBD0F707-C5A6-4194-8369-EB329F1C0491}"
EndProject
Project("{2150E333-8FDC-42A3-9474-1A3956D46DE8}") = "100 Tests", "100 Tests", "{1344A9A0-9A9E-11EC-941D-AFAE16ED0173}"
EndProject
Project("{FAE04EC0-301F-11D3-BF4B-00C04F79EFBC}") = "HZY.Tests", "HZY.Tests\HZY.Tests.csproj", "{B0FEF82B-7978-41AA-95B8-7E3270B21860}"
EndProject
Global
	GlobalSection(SolutionConfigurationPlatforms) = preSolution
		Debug|Any CPU = Debug|Any CPU
		Release|Any CPU = Release|Any CPU
	EndGlobalSection
	GlobalSection(ProjectConfigurationPlatforms) = postSolution
		{CB13D6BA-345C-4BCC-A4C1-71B84917764D}.Debug|Any CPU.ActiveCfg = Debug|Any CPU
		{CB13D6BA-345C-4BCC-A4C1-71B84917764D}.Debug|Any CPU.Build.0 = Debug|Any CPU
		{CB13D6BA-345C-4BCC-A4C1-71B84917764D}.Release|Any CPU.ActiveCfg = Release|Any CPU
		{CB13D6BA-345C-4BCC-A4C1-71B84917764D}.Release|Any CPU.Build.0 = Release|Any CPU
		{A0B64565-3A12-4A1D-98E9-55D8F6CB6FAD}.Debug|Any CPU.ActiveCfg = Debug|Any CPU
		{A0B64565-3A12-4A1D-98E9-55D8F6CB6FAD}.Debug|Any CPU.Build.0 = Debug|Any CPU
		{A0B64565-3A12-4A1D-98E9-55D8F6CB6FAD}.Release|Any CPU.ActiveCfg = Release|Any CPU
		{A0B64565-3A12-4A1D-98E9-55D8F6CB6FAD}.Release|Any CPU.Build.0 = Release|Any CPU
		{5DC14405-E55F-412A-8A65-A46246AABEFE}.Debug|Any CPU.ActiveCfg = Debug|Any CPU
		{5DC14405-E55F-412A-8A65-A46246AABEFE}.Debug|Any CPU.Build.0 = Debug|Any CPU
		{5DC14405-E55F-412A-8A65-A46246AABEFE}.Release|Any CPU.ActiveCfg = Release|Any CPU
		{5DC14405-E55F-412A-8A65-A46246AABEFE}.Release|Any CPU.Build.0 = Release|Any CPU
		{8CBC2E6E-294C-433E-8045-F40DFC3BB6A0}.Debug|Any CPU.ActiveCfg = Debug|Any CPU
		{8CBC2E6E-294C-433E-8045-F40DFC3BB6A0}.Debug|Any CPU.Build.0 = Debug|Any CPU
		{8CBC2E6E-294C-433E-8045-F40DFC3BB6A0}.Release|Any CPU.ActiveCfg = Release|Any CPU
		{8CBC2E6E-294C-433E-8045-F40DFC3BB6A0}.Release|Any CPU.Build.0 = Release|Any CPU
		{16F2D194-1EAB-4161-9857-1B3ED417A620}.Debug|Any CPU.ActiveCfg = Debug|Any CPU
		{16F2D194-1EAB-4161-9857-1B3ED417A620}.Debug|Any CPU.Build.0 = Debug|Any CPU
		{16F2D194-1EAB-4161-9857-1B3ED417A620}.Release|Any CPU.ActiveCfg = Release|Any CPU
		{16F2D194-1EAB-4161-9857-1B3ED417A620}.Release|Any CPU.Build.0 = Release|Any CPU
		{A51E20EA-0D1B-4396-8DD6-72C83FBAD379}.Debug|Any CPU.ActiveCfg = Debug|Any CPU
		{A51E20EA-0D1B-4396-8DD6-72C83FBAD379}.Debug|Any CPU.Build.0 = Debug|Any CPU
		{A51E20EA-0D1B-4396-8DD6-72C83FBAD379}.Release|Any CPU.ActiveCfg = Release|Any CPU
		{A51E20EA-0D1B-4396-8DD6-72C83FBAD379}.Release|Any CPU.Build.0 = Release|Any CPU
		{539CE6AC-D157-4F77-812A-408C05453F64}.Debug|Any CPU.ActiveCfg = Debug|Any CPU
		{539CE6AC-D157-4F77-812A-408C05453F64}.Debug|Any CPU.Build.0 = Debug|Any CPU
		{539CE6AC-D157-4F77-812A-408C05453F64}.Release|Any CPU.ActiveCfg = Release|Any CPU
		{539CE6AC-D157-4F77-812A-408C05453F64}.Release|Any CPU.Build.0 = Release|Any CPU
		{5AF79A3D-934E-49B3-BDC6-251D1F12F9A4}.Debug|Any CPU.ActiveCfg = Debug|Any CPU
		{5AF79A3D-934E-49B3-BDC6-251D1F12F9A4}.Debug|Any CPU.Build.0 = Debug|Any CPU
		{5AF79A3D-934E-49B3-BDC6-251D1F12F9A4}.Release|Any CPU.ActiveCfg = Release|Any CPU
		{5AF79A3D-934E-49B3-BDC6-251D1F12F9A4}.Release|Any CPU.Build.0 = Release|Any CPU
		{719D2F24-6C2B-49E7-99B3-E6BECF3F69F0}.Debug|Any CPU.ActiveCfg = Debug|Any CPU
		{719D2F24-6C2B-49E7-99B3-E6BECF3F69F0}.Debug|Any CPU.Build.0 = Debug|Any CPU
		{719D2F24-6C2B-49E7-99B3-E6BECF3F69F0}.Release|Any CPU.ActiveCfg = Release|Any CPU
		{719D2F24-6C2B-49E7-99B3-E6BECF3F69F0}.Release|Any CPU.Build.0 = Release|Any CPU
		{30506A40-139E-4014-9CCD-2725CC344F2D}.Debug|Any CPU.ActiveCfg = Debug|Any CPU
		{30506A40-139E-4014-9CCD-2725CC344F2D}.Debug|Any CPU.Build.0 = Debug|Any CPU
		{30506A40-139E-4014-9CCD-2725CC344F2D}.Release|Any CPU.ActiveCfg = Release|Any CPU
		{30506A40-139E-4014-9CCD-2725CC344F2D}.Release|Any CPU.Build.0 = Release|Any CPU
		{D0F34C58-D276-441F-AA37-B217FA9CE382}.Debug|Any CPU.ActiveCfg = Debug|Any CPU
		{D0F34C58-D276-441F-AA37-B217FA9CE382}.Debug|Any CPU.Build.0 = Debug|Any CPU
		{D0F34C58-D276-441F-AA37-B217FA9CE382}.Release|Any CPU.ActiveCfg = Release|Any CPU
		{D0F34C58-D276-441F-AA37-B217FA9CE382}.Release|Any CPU.Build.0 = Release|Any CPU
		{CBD0F707-C5A6-4194-8369-EB329F1C0491}.Debug|Any CPU.ActiveCfg = Debug|Any CPU
		{CBD0F707-C5A6-4194-8369-EB329F1C0491}.Debug|Any CPU.Build.0 = Debug|Any CPU
		{CBD0F707-C5A6-4194-8369-EB329F1C0491}.Release|Any CPU.ActiveCfg = Release|Any CPU
		{CBD0F707-C5A6-4194-8369-EB329F1C0491}.Release|Any CPU.Build.0 = Release|Any CPU
		{B0FEF82B-7978-41AA-95B8-7E3270B21860}.Debug|Any CPU.ActiveCfg = Debug|Any CPU
		{B0FEF82B-7978-41AA-95B8-7E3270B21860}.Debug|Any CPU.Build.0 = Debug|Any CPU
		{B0FEF82B-7978-41AA-95B8-7E3270B21860}.Release|Any CPU.ActiveCfg = Release|Any CPU
		{B0FEF82B-7978-41AA-95B8-7E3270B21860}.Release|Any CPU.Build.0 = Release|Any CPU
	EndGlobalSection
	GlobalSection(SolutionProperties) = preSolution
		HideSolutionNode = FALSE
	EndGlobalSection
	GlobalSection(NestedProjects) = preSolution
		{B0FEF82B-7978-41AA-95B8-7E3270B21860} = {1344A9A0-9A9E-11EC-941D-AFAE16ED0173}
		{A0B64565-3A12-4A1D-98E9-55D8F6CB6FAD} = {B4A3E74E-489A-4423-B773-A9B40DA71724}
		{5DC14405-E55F-412A-8A65-A46246AABEFE} = {655EA4B2-0D66-4211-99DE-DCDE18CEC4E7}
		{8CBC2E6E-294C-433E-8045-F40DFC3BB6A0} = {655EA4B2-0D66-4211-99DE-DCDE18CEC4E7}
		{16F2D194-1EAB-4161-9857-1B3ED417A620} = {A65E72C4-A413-4489-B1DD-BF57B7BECCD5}
		{A51E20EA-0D1B-4396-8DD6-72C83FBAD379} = {A65E72C4-A413-4489-B1DD-BF57B7BECCD5}
		{539CE6AC-D157-4F77-812A-408C05453F64} = {8DFE9289-C47F-4356-BBD4-99B9268DEDE4}
		{5AF79A3D-934E-49B3-BDC6-251D1F12F9A4} = {8DFE9289-C47F-4356-BBD4-99B9268DEDE4}
		{719D2F24-6C2B-49E7-99B3-E6BECF3F69F0} = {8DFE9289-C47F-4356-BBD4-99B9268DEDE4}
		{30506A40-139E-4014-9CCD-2725CC344F2D} = {7F20C7A9-E5C5-4723-B63E-C9121502712E}
		{D0F34C58-D276-441F-AA37-B217FA9CE382} = {7F20C7A9-E5C5-4723-B63E-C9121502712E}
		{CBD0F707-C5A6-4194-8369-EB329F1C0491} = {7F20C7A9-E5C5-4723-B63E-C9121502712E}
	EndGlobalSection
	GlobalSection(ExtensibilityGlobals) = postSolution
		SolutionGuid = {4391EDFF-453A-4207-B637-C2F386D3BC00}
	EndGlobalSection
EndGlobal
