
Microsoft Visual Studio Solution File, Format Version 12.00
# Visual Studio Version 17
VisualStudioVersion = 17.5.33402.96
MinimumVisualStudioVersion = 10.0.40219.1
Project("{2150E333-8FDC-42A3-9474-1A3956D46DE8}") = "01 Core", "01 Core", "{DB46F54A-9F53-44EC-80F8-9E53F0B871CF}"
EndProject
Project("{2150E333-8FDC-42A3-9474-1A3956D46DE8}") = "03 Shared", "03 Shared", "{ACA91C4A-33F0-4ECA-90D2-BEC0811764EE}"
EndProject
Project("{9A19103F-16F7-4668-BE54-9A1E7A4F7556}") = "HZY.Core", "HZY.Core\HZY.Core.csproj", "{531482C1-6CEA-4CC4-8F02-E49BE8095229}"
EndProject
Project("{9A19103F-16F7-4668-BE54-9A1E7A4F7556}") = "HZY.Shared", "HZY.Shared\HZY.Shared.csproj", "{468CE06E-C563-48B4-AC06-90DF505F032D}"
EndProject
Project("{2150E333-8FDC-42A3-9474-1A3956D46DE8}") = "04 Microservices", "04 Microservices", "{DC7A7E4A-B4DC-4958-BAA5-2BBB1A153B5F}"
EndProject
Project("{2150E333-8FDC-42A3-9474-1A3956D46DE8}") = "05 Tests", "05 Tests", "{750E5EA7-71AF-4BB4-AC14-1554382807F4}"
EndProject
Project("{9A19103F-16F7-4668-BE54-9A1E7A4F7556}") = "HZY.Api.Admin", "HZY.Api.Admin\HZY.Api.Admin.csproj", "{E0F9699A-768A-4F04-969D-2687EE769257}"
EndProject
Project("{9A19103F-16F7-4668-BE54-9A1E7A4F7556}") = "HZY.Api.Admin.Test", "HZY.Api.Admin.Test\HZY.Api.Admin.Test.csproj", "{DB9EA9A6-9EF1-4577-BCBD-5C87C35682E1}"
EndProject
Project("{9A19103F-16F7-4668-BE54-9A1E7A4F7556}") = "HZY.Core.Razor", "HZY.Core.Razor\HZY.Core.Razor.csproj", "{F0A9BEAD-41D6-4286-A039-3C4100411326}"
EndProject
Project("{9A19103F-16F7-4668-BE54-9A1E7A4F7556}") = "HZY.Core.Quartz", "HZY.Core.Quartz\HZY.Core.Quartz.csproj", "{93E101BA-A124-4775-8DD8-C8C3831291BF}"
EndProject
Project("{9A19103F-16F7-4668-BE54-9A1E7A4F7556}") = "HZY.Core.CAP", "HZY.Core.CAP\HZY.Core.CAP.csproj", "{B85DE433-CD95-4BC3-8278-76F8FA0201C3}"
EndProject
Project("{9A19103F-16F7-4668-BE54-9A1E7A4F7556}") = "HZY.Core.Redis", "HZY.Core.Redis\HZY.Core.Redis.csproj", "{CD4B518E-735A-42CF-83B3-427735F69D62}"
EndProject
Project("{9A19103F-16F7-4668-BE54-9A1E7A4F7556}") = "HZY.Repository.EntityFramework", "HZY.Repository.EntityFramework\HZY.Repository.EntityFramework.csproj", "{E38DAF72-5E13-41AF-9A58-8B1D47613FA4}"
EndProject
Project("{9A19103F-16F7-4668-BE54-9A1E7A4F7556}") = "HZY.Repository.EntityFramework.Admin", "HZY.Repository.EntityFramework.Admin\HZY.Repository.EntityFramework.Admin.csproj", "{39838B6F-4762-4C4E-918C-8FFC67907753}"
EndProject
Project("{9A19103F-16F7-4668-BE54-9A1E7A4F7556}") = "HZY.Repository.FreeSql.Admin", "HZY.Repository.FreeSql.Admin\HZY.Repository.FreeSql.Admin.csproj", "{F2E9F765-ED2C-4D33-A641-7D373E639CAF}"
EndProject
Project("{2150E333-8FDC-42A3-9474-1A3956D46DE8}") = "02 Repositories", "02 Repositories", "{451BE0BB-26ED-47ED-ABC7-23001D21410C}"
EndProject
Project("{9A19103F-16F7-4668-BE54-9A1E7A4F7556}") = "HZY.Core.Identity", "HZY.Core.Identity\HZY.Core.Identity.csproj", "{C982D497-A1D4-452F-B38C-C75447ACD41D}"
EndProject
Global
	GlobalSection(SolutionConfigurationPlatforms) = preSolution
		Debug|Any CPU = Debug|Any CPU
		Release|Any CPU = Release|Any CPU
	EndGlobalSection
	GlobalSection(ProjectConfigurationPlatforms) = postSolution
		{531482C1-6CEA-4CC4-8F02-E49BE8095229}.Debug|Any CPU.ActiveCfg = Debug|Any CPU
		{531482C1-6CEA-4CC4-8F02-E49BE8095229}.Debug|Any CPU.Build.0 = Debug|Any CPU
		{531482C1-6CEA-4CC4-8F02-E49BE8095229}.Release|Any CPU.ActiveCfg = Release|Any CPU
		{531482C1-6CEA-4CC4-8F02-E49BE8095229}.Release|Any CPU.Build.0 = Release|Any CPU
		{468CE06E-C563-48B4-AC06-90DF505F032D}.Debug|Any CPU.ActiveCfg = Debug|Any CPU
		{468CE06E-C563-48B4-AC06-90DF505F032D}.Debug|Any CPU.Build.0 = Debug|Any CPU
		{468CE06E-C563-48B4-AC06-90DF505F032D}.Release|Any CPU.ActiveCfg = Release|Any CPU
		{468CE06E-C563-48B4-AC06-90DF505F032D}.Release|Any CPU.Build.0 = Release|Any CPU
		{E0F9699A-768A-4F04-969D-2687EE769257}.Debug|Any CPU.ActiveCfg = Debug|Any CPU
		{E0F9699A-768A-4F04-969D-2687EE769257}.Debug|Any CPU.Build.0 = Debug|Any CPU
		{E0F9699A-768A-4F04-969D-2687EE769257}.Release|Any CPU.ActiveCfg = Release|Any CPU
		{E0F9699A-768A-4F04-969D-2687EE769257}.Release|Any CPU.Build.0 = Release|Any CPU
		{DB9EA9A6-9EF1-4577-BCBD-5C87C35682E1}.Debug|Any CPU.ActiveCfg = Debug|Any CPU
		{DB9EA9A6-9EF1-4577-BCBD-5C87C35682E1}.Debug|Any CPU.Build.0 = Debug|Any CPU
		{DB9EA9A6-9EF1-4577-BCBD-5C87C35682E1}.Release|Any CPU.ActiveCfg = Release|Any CPU
		{DB9EA9A6-9EF1-4577-BCBD-5C87C35682E1}.Release|Any CPU.Build.0 = Release|Any CPU
		{F0A9BEAD-41D6-4286-A039-3C4100411326}.Debug|Any CPU.ActiveCfg = Debug|Any CPU
		{F0A9BEAD-41D6-4286-A039-3C4100411326}.Debug|Any CPU.Build.0 = Debug|Any CPU
		{F0A9BEAD-41D6-4286-A039-3C4100411326}.Release|Any CPU.ActiveCfg = Release|Any CPU
		{F0A9BEAD-41D6-4286-A039-3C4100411326}.Release|Any CPU.Build.0 = Release|Any CPU
		{93E101BA-A124-4775-8DD8-C8C3831291BF}.Debug|Any CPU.ActiveCfg = Debug|Any CPU
		{93E101BA-A124-4775-8DD8-C8C3831291BF}.Debug|Any CPU.Build.0 = Debug|Any CPU
		{93E101BA-A124-4775-8DD8-C8C3831291BF}.Release|Any CPU.ActiveCfg = Release|Any CPU
		{93E101BA-A124-4775-8DD8-C8C3831291BF}.Release|Any CPU.Build.0 = Release|Any CPU
		{B85DE433-CD95-4BC3-8278-76F8FA0201C3}.Debug|Any CPU.ActiveCfg = Debug|Any CPU
		{B85DE433-CD95-4BC3-8278-76F8FA0201C3}.Debug|Any CPU.Build.0 = Debug|Any CPU
		{B85DE433-CD95-4BC3-8278-76F8FA0201C3}.Release|Any CPU.ActiveCfg = Release|Any CPU
		{B85DE433-CD95-4BC3-8278-76F8FA0201C3}.Release|Any CPU.Build.0 = Release|Any CPU
		{CD4B518E-735A-42CF-83B3-427735F69D62}.Debug|Any CPU.ActiveCfg = Debug|Any CPU
		{CD4B518E-735A-42CF-83B3-427735F69D62}.Debug|Any CPU.Build.0 = Debug|Any CPU
		{CD4B518E-735A-42CF-83B3-427735F69D62}.Release|Any CPU.ActiveCfg = Release|Any CPU
		{CD4B518E-735A-42CF-83B3-427735F69D62}.Release|Any CPU.Build.0 = Release|Any CPU
		{E38DAF72-5E13-41AF-9A58-8B1D47613FA4}.Debug|Any CPU.ActiveCfg = Debug|Any CPU
		{E38DAF72-5E13-41AF-9A58-8B1D47613FA4}.Debug|Any CPU.Build.0 = Debug|Any CPU
		{E38DAF72-5E13-41AF-9A58-8B1D47613FA4}.Release|Any CPU.ActiveCfg = Release|Any CPU
		{E38DAF72-5E13-41AF-9A58-8B1D47613FA4}.Release|Any CPU.Build.0 = Release|Any CPU
		{39838B6F-4762-4C4E-918C-8FFC67907753}.Debug|Any CPU.ActiveCfg = Debug|Any CPU
		{39838B6F-4762-4C4E-918C-8FFC67907753}.Debug|Any CPU.Build.0 = Debug|Any CPU
		{39838B6F-4762-4C4E-918C-8FFC67907753}.Release|Any CPU.ActiveCfg = Release|Any CPU
		{39838B6F-4762-4C4E-918C-8FFC67907753}.Release|Any CPU.Build.0 = Release|Any CPU
		{F2E9F765-ED2C-4D33-A641-7D373E639CAF}.Debug|Any CPU.ActiveCfg = Debug|Any CPU
		{F2E9F765-ED2C-4D33-A641-7D373E639CAF}.Debug|Any CPU.Build.0 = Debug|Any CPU
		{F2E9F765-ED2C-4D33-A641-7D373E639CAF}.Release|Any CPU.ActiveCfg = Release|Any CPU
		{F2E9F765-ED2C-4D33-A641-7D373E639CAF}.Release|Any CPU.Build.0 = Release|Any CPU
		{C982D497-A1D4-452F-B38C-C75447ACD41D}.Debug|Any CPU.ActiveCfg = Debug|Any CPU
		{C982D497-A1D4-452F-B38C-C75447ACD41D}.Debug|Any CPU.Build.0 = Debug|Any CPU
		{C982D497-A1D4-452F-B38C-C75447ACD41D}.Release|Any CPU.ActiveCfg = Release|Any CPU
		{C982D497-A1D4-452F-B38C-C75447ACD41D}.Release|Any CPU.Build.0 = Release|Any CPU
	EndGlobalSection
	GlobalSection(SolutionProperties) = preSolution
		HideSolutionNode = FALSE
	EndGlobalSection
	GlobalSection(NestedProjects) = preSolution
		{531482C1-6CEA-4CC4-8F02-E49BE8095229} = {DB46F54A-9F53-44EC-80F8-9E53F0B871CF}
		{468CE06E-C563-48B4-AC06-90DF505F032D} = {ACA91C4A-33F0-4ECA-90D2-BEC0811764EE}
		{E0F9699A-768A-4F04-969D-2687EE769257} = {DC7A7E4A-B4DC-4958-BAA5-2BBB1A153B5F}
		{DB9EA9A6-9EF1-4577-BCBD-5C87C35682E1} = {750E5EA7-71AF-4BB4-AC14-1554382807F4}
		{F0A9BEAD-41D6-4286-A039-3C4100411326} = {DB46F54A-9F53-44EC-80F8-9E53F0B871CF}
		{93E101BA-A124-4775-8DD8-C8C3831291BF} = {DB46F54A-9F53-44EC-80F8-9E53F0B871CF}
		{B85DE433-CD95-4BC3-8278-76F8FA0201C3} = {DB46F54A-9F53-44EC-80F8-9E53F0B871CF}
		{CD4B518E-735A-42CF-83B3-427735F69D62} = {DB46F54A-9F53-44EC-80F8-9E53F0B871CF}
		{E38DAF72-5E13-41AF-9A58-8B1D47613FA4} = {451BE0BB-26ED-47ED-ABC7-23001D21410C}
		{39838B6F-4762-4C4E-918C-8FFC67907753} = {451BE0BB-26ED-47ED-ABC7-23001D21410C}
		{F2E9F765-ED2C-4D33-A641-7D373E639CAF} = {451BE0BB-26ED-47ED-ABC7-23001D21410C}
		{C982D497-A1D4-452F-B38C-C75447ACD41D} = {DB46F54A-9F53-44EC-80F8-9E53F0B871CF}
	EndGlobalSection
	GlobalSection(ExtensibilityGlobals) = postSolution
		SolutionGuid = {E3C61955-46C1-4D06-994F-C86A72B2B0E2}
	EndGlobalSection
EndGlobal
