
Microsoft Visual Studio Solution File, Format Version 12.00
# Visual Studio Version 17
VisualStudioVersion = 17.5.33402.96
MinimumVisualStudioVersion = 10.0.40219.1
Project("{2150E333-8FDC-42A3-9474-1A3956D46DE8}") = "00 Core", "00 Core", "{DB46F54A-9F53-44EC-80F8-9E53F0B871CF}"
EndProject
Project("{2150E333-8FDC-42A3-9474-1A3956D46DE8}") = "06 Shared", "06 Shared", "{ACA91C4A-33F0-4ECA-90D2-BEC0811764EE}"
EndProject
Project("{9A19103F-16F7-4668-BE54-9A1E7A4F7556}") = "HZY.Core", "HZY.Core\HZY.Core.csproj", "{531482C1-6CEA-4CC4-8F02-E49BE8095229}"
EndProject
Project("{9A19103F-16F7-4668-BE54-9A1E7A4F7556}") = "HZY.Shared", "HZY.Shared\HZY.Shared.csproj", "{468CE06E-C563-48B4-AC06-90DF505F032D}"
EndProject
Project("{2150E333-8FDC-42A3-9474-1A3956D46DE8}") = "07 Host", "07 Host", "{DC7A7E4A-B4DC-4958-BAA5-2BBB1A153B5F}"
EndProject
Project("{2150E333-8FDC-42A3-9474-1A3956D46DE8}") = "08 Tests", "08 Tests", "{750E5EA7-71AF-4BB4-AC14-1554382807F4}"
EndProject
Project("{9A19103F-16F7-4668-BE54-9A1E7A4F7556}") = "HZY.Api.Admin", "HZY.Api.Admin\HZY.Api.Admin.csproj", "{E0F9699A-768A-4F04-969D-2687EE769257}"
EndProject
Project("{9A19103F-16F7-4668-BE54-9A1E7A4F7556}") = "HZY.Api.Admin.Test", "HZY.Api.Admin.Test\HZY.Api.Admin.Test.csproj", "{DB9EA9A6-9EF1-4577-BCBD-5C87C35682E1}"
EndProject
Project("{9A19103F-16F7-4668-BE54-9A1E7A4F7556}") = "HZY.Core.Razor", "HZY.Core.Razor\HZY.Core.Razor.csproj", "{F0A9BEAD-41D6-4286-A039-3C4100411326}"
EndProject
Project("{9A19103F-16F7-4668-BE54-9A1E7A4F7556}") = "HZY.Core.Quartz", "HZY.Core.Quartz\HZY.Core.Quartz.csproj", "{93E101BA-A124-4775-8DD8-C8C3831291BF}"
EndProject
Project("{9A19103F-16F7-4668-BE54-9A1E7A4F7556}") = "HZY.Core.CAP", "HZY.Core.CAP\HZY.Core.CAP.csproj", "{B85DE433-CD95-4BC3-8278-76F8FA0201C3}"
EndProject
Project("{9A19103F-16F7-4668-BE54-9A1E7A4F7556}") = "HZY.Core.Redis", "HZY.Core.Redis\HZY.Core.Redis.csproj", "{CD4B518E-735A-42CF-83B3-427735F69D62}"
EndProject
Project("{9A19103F-16F7-4668-BE54-9A1E7A4F7556}") = "HZY.Core.EntityFramework", "HZY.Core.EntityFramework\HZY.Core.EntityFramework.csproj", "{E38DAF72-5E13-41AF-9A58-8B1D47613FA4}"
EndProject
Project("{9A19103F-16F7-4668-BE54-9A1E7A4F7556}") = "HZY.Repository.Admin", "HZY.Repository.Admin\HZY.Repository.Admin.csproj", "{39838B6F-4762-4C4E-918C-8FFC67907753}"
EndProject
Project("{2150E333-8FDC-42A3-9474-1A3956D46DE8}") = "05 Repositories", "05 Repositories", "{451BE0BB-26ED-47ED-ABC7-23001D21410C}"
EndProject
Project("{9A19103F-16F7-4668-BE54-9A1E7A4F7556}") = "HZY.Core.Identity", "HZY.Core.Identity\HZY.Core.Identity.csproj", "{C982D497-A1D4-452F-B38C-C75447ACD41D}"
EndProject
Project("{9A19103F-16F7-4668-BE54-9A1E7A4F7556}") = "HZY.Core.Logs", "HZY.Core.Logs\HZY.Core.Logs.csproj", "{22427A14-A525-4DE0-B7F9-CE316BA06230}"
EndProject
Project("{9A19103F-16F7-4668-BE54-9A1E7A4F7556}") = "HZY.Core.QrCode", "HZY.Core.QrCode\HZY.Core.QrCode.csproj", "{BA726FCD-7A7A-4B2B-BC90-7C7CD4D4ABB7}"
EndProject
Project("{9A19103F-16F7-4668-BE54-9A1E7A4F7556}") = "HZY.Core.Swagger", "HZY.Core.Swagger\HZY.Core.Swagger.csproj", "{452F4EDD-E92B-4673-B5FB-863595996614}"
EndProject
Project("{9A19103F-16F7-4668-BE54-9A1E7A4F7556}") = "HZY.WinFormDemo", "HZY.WinFormDemo\HZY.WinFormDemo.csproj", "{75959B17-A901-49E1-A5E7-667349DC4203}"
EndProject
Project("{FAE04EC0-301F-11D3-BF4B-00C04F79EFBC}") = "HZY.Shared.Admin", "HZY.Shared.Admin\HZY.Shared.Admin.csproj", "{925EF035-4A41-42E4-A3A4-B8E9AE52F6B7}"
EndProject
Global
	GlobalSection(SolutionConfigurationPlatforms) = preSolution
		Debug|Any CPU = Debug|Any CPU
		Release|Any CPU = Release|Any CPU
	EndGlobalSection
	GlobalSection(ProjectConfigurationPlatforms) = postSolution
		{531482C1-6CEA-4CC4-8F02-E49BE8095229}.Debug|Any CPU.ActiveCfg = Debug|Any CPU
		{531482C1-6CEA-4CC4-8F02-E49BE8095229}.Debug|Any CPU.Build.0 = Debug|Any CPU
		{531482C1-6CEA-4CC4-8F02-E49BE8095229}.Release|Any CPU.ActiveCfg = Release|Any CPU
		{531482C1-6CEA-4CC4-8F02-E49BE8095229}.Release|Any CPU.Build.0 = Release|Any CPU
		{468CE06E-C563-48B4-AC06-90DF505F032D}.Debug|Any CPU.ActiveCfg = Debug|Any CPU
		{468CE06E-C563-48B4-AC06-90DF505F032D}.Debug|Any CPU.Build.0 = Debug|Any CPU
		{468CE06E-C563-48B4-AC06-90DF505F032D}.Release|Any CPU.ActiveCfg = Release|Any CPU
		{468CE06E-C563-48B4-AC06-90DF505F032D}.Release|Any CPU.Build.0 = Release|Any CPU
		{E0F9699A-768A-4F04-969D-2687EE769257}.Debug|Any CPU.ActiveCfg = Debug|Any CPU
		{E0F9699A-768A-4F04-969D-2687EE769257}.Debug|Any CPU.Build.0 = Debug|Any CPU
		{E0F9699A-768A-4F04-969D-2687EE769257}.Release|Any CPU.ActiveCfg = Release|Any CPU
		{E0F9699A-768A-4F04-969D-2687EE769257}.Release|Any CPU.Build.0 = Release|Any CPU
		{DB9EA9A6-9EF1-4577-BCBD-5C87C35682E1}.Debug|Any CPU.ActiveCfg = Debug|Any CPU
		{DB9EA9A6-9EF1-4577-BCBD-5C87C35682E1}.Debug|Any CPU.Build.0 = Debug|Any CPU
		{DB9EA9A6-9EF1-4577-BCBD-5C87C35682E1}.Release|Any CPU.ActiveCfg = Release|Any CPU
		{DB9EA9A6-9EF1-4577-BCBD-5C87C35682E1}.Release|Any CPU.Build.0 = Release|Any CPU
		{F0A9BEAD-41D6-4286-A039-3C4100411326}.Debug|Any CPU.ActiveCfg = Debug|Any CPU
		{F0A9BEAD-41D6-4286-A039-3C4100411326}.Debug|Any CPU.Build.0 = Debug|Any CPU
		{F0A9BEAD-41D6-4286-A039-3C4100411326}.Release|Any CPU.ActiveCfg = Release|Any CPU
		{F0A9BEAD-41D6-4286-A039-3C4100411326}.Release|Any CPU.Build.0 = Release|Any CPU
		{93E101BA-A124-4775-8DD8-C8C3831291BF}.Debug|Any CPU.ActiveCfg = Debug|Any CPU
		{93E101BA-A124-4775-8DD8-C8C3831291BF}.Debug|Any CPU.Build.0 = Debug|Any CPU
		{93E101BA-A124-4775-8DD8-C8C3831291BF}.Release|Any CPU.ActiveCfg = Release|Any CPU
		{93E101BA-A124-4775-8DD8-C8C3831291BF}.Release|Any CPU.Build.0 = Release|Any CPU
		{B85DE433-CD95-4BC3-8278-76F8FA0201C3}.Debug|Any CPU.ActiveCfg = Debug|Any CPU
		{B85DE433-CD95-4BC3-8278-76F8FA0201C3}.Debug|Any CPU.Build.0 = Debug|Any CPU
		{B85DE433-CD95-4BC3-8278-76F8FA0201C3}.Release|Any CPU.ActiveCfg = Release|Any CPU
		{B85DE433-CD95-4BC3-8278-76F8FA0201C3}.Release|Any CPU.Build.0 = Release|Any CPU
		{CD4B518E-735A-42CF-83B3-427735F69D62}.Debug|Any CPU.ActiveCfg = Debug|Any CPU
		{CD4B518E-735A-42CF-83B3-427735F69D62}.Debug|Any CPU.Build.0 = Debug|Any CPU
		{CD4B518E-735A-42CF-83B3-427735F69D62}.Release|Any CPU.ActiveCfg = Release|Any CPU
		{CD4B518E-735A-42CF-83B3-427735F69D62}.Release|Any CPU.Build.0 = Release|Any CPU
		{E38DAF72-5E13-41AF-9A58-8B1D47613FA4}.Debug|Any CPU.ActiveCfg = Debug|Any CPU
		{E38DAF72-5E13-41AF-9A58-8B1D47613FA4}.Debug|Any CPU.Build.0 = Debug|Any CPU
		{E38DAF72-5E13-41AF-9A58-8B1D47613FA4}.Release|Any CPU.ActiveCfg = Release|Any CPU
		{E38DAF72-5E13-41AF-9A58-8B1D47613FA4}.Release|Any CPU.Build.0 = Release|Any CPU
		{39838B6F-4762-4C4E-918C-8FFC67907753}.Debug|Any CPU.ActiveCfg = Debug|Any CPU
		{39838B6F-4762-4C4E-918C-8FFC67907753}.Debug|Any CPU.Build.0 = Debug|Any CPU
		{39838B6F-4762-4C4E-918C-8FFC67907753}.Release|Any CPU.ActiveCfg = Release|Any CPU
		{39838B6F-4762-4C4E-918C-8FFC67907753}.Release|Any CPU.Build.0 = Release|Any CPU
		{C982D497-A1D4-452F-B38C-C75447ACD41D}.Debug|Any CPU.ActiveCfg = Debug|Any CPU
		{C982D497-A1D4-452F-B38C-C75447ACD41D}.Debug|Any CPU.Build.0 = Debug|Any CPU
		{C982D497-A1D4-452F-B38C-C75447ACD41D}.Release|Any CPU.ActiveCfg = Release|Any CPU
		{C982D497-A1D4-452F-B38C-C75447ACD41D}.Release|Any CPU.Build.0 = Release|Any CPU
		{22427A14-A525-4DE0-B7F9-CE316BA06230}.Debug|Any CPU.ActiveCfg = Debug|Any CPU
		{22427A14-A525-4DE0-B7F9-CE316BA06230}.Debug|Any CPU.Build.0 = Debug|Any CPU
		{22427A14-A525-4DE0-B7F9-CE316BA06230}.Release|Any CPU.ActiveCfg = Release|Any CPU
		{22427A14-A525-4DE0-B7F9-CE316BA06230}.Release|Any CPU.Build.0 = Release|Any CPU
		{BA726FCD-7A7A-4B2B-BC90-7C7CD4D4ABB7}.Debug|Any CPU.ActiveCfg = Debug|Any CPU
		{BA726FCD-7A7A-4B2B-BC90-7C7CD4D4ABB7}.Debug|Any CPU.Build.0 = Debug|Any CPU
		{BA726FCD-7A7A-4B2B-BC90-7C7CD4D4ABB7}.Release|Any CPU.ActiveCfg = Release|Any CPU
		{BA726FCD-7A7A-4B2B-BC90-7C7CD4D4ABB7}.Release|Any CPU.Build.0 = Release|Any CPU
		{452F4EDD-E92B-4673-B5FB-863595996614}.Debug|Any CPU.ActiveCfg = Debug|Any CPU
		{452F4EDD-E92B-4673-B5FB-863595996614}.Debug|Any CPU.Build.0 = Debug|Any CPU
		{452F4EDD-E92B-4673-B5FB-863595996614}.Release|Any CPU.ActiveCfg = Release|Any CPU
		{452F4EDD-E92B-4673-B5FB-863595996614}.Release|Any CPU.Build.0 = Release|Any CPU
		{75959B17-A901-49E1-A5E7-667349DC4203}.Debug|Any CPU.ActiveCfg = Debug|Any CPU
		{75959B17-A901-49E1-A5E7-667349DC4203}.Debug|Any CPU.Build.0 = Debug|Any CPU
		{75959B17-A901-49E1-A5E7-667349DC4203}.Release|Any CPU.ActiveCfg = Release|Any CPU
		{75959B17-A901-49E1-A5E7-667349DC4203}.Release|Any CPU.Build.0 = Release|Any CPU
		{925EF035-4A41-42E4-A3A4-B8E9AE52F6B7}.Debug|Any CPU.ActiveCfg = Debug|Any CPU
		{925EF035-4A41-42E4-A3A4-B8E9AE52F6B7}.Debug|Any CPU.Build.0 = Debug|Any CPU
		{925EF035-4A41-42E4-A3A4-B8E9AE52F6B7}.Release|Any CPU.ActiveCfg = Release|Any CPU
		{925EF035-4A41-42E4-A3A4-B8E9AE52F6B7}.Release|Any CPU.Build.0 = Release|Any CPU
	EndGlobalSection
	GlobalSection(SolutionProperties) = preSolution
		HideSolutionNode = FALSE
	EndGlobalSection
	GlobalSection(NestedProjects) = preSolution
		{531482C1-6CEA-4CC4-8F02-E49BE8095229} = {DB46F54A-9F53-44EC-80F8-9E53F0B871CF}
		{468CE06E-C563-48B4-AC06-90DF505F032D} = {ACA91C4A-33F0-4ECA-90D2-BEC0811764EE}
		{E0F9699A-768A-4F04-969D-2687EE769257} = {DC7A7E4A-B4DC-4958-BAA5-2BBB1A153B5F}
		{DB9EA9A6-9EF1-4577-BCBD-5C87C35682E1} = {750E5EA7-71AF-4BB4-AC14-1554382807F4}
		{F0A9BEAD-41D6-4286-A039-3C4100411326} = {DB46F54A-9F53-44EC-80F8-9E53F0B871CF}
		{93E101BA-A124-4775-8DD8-C8C3831291BF} = {DB46F54A-9F53-44EC-80F8-9E53F0B871CF}
		{B85DE433-CD95-4BC3-8278-76F8FA0201C3} = {DB46F54A-9F53-44EC-80F8-9E53F0B871CF}
		{CD4B518E-735A-42CF-83B3-427735F69D62} = {DB46F54A-9F53-44EC-80F8-9E53F0B871CF}
		{E38DAF72-5E13-41AF-9A58-8B1D47613FA4} = {DB46F54A-9F53-44EC-80F8-9E53F0B871CF}
		{39838B6F-4762-4C4E-918C-8FFC67907753} = {451BE0BB-26ED-47ED-ABC7-23001D21410C}
		{C982D497-A1D4-452F-B38C-C75447ACD41D} = {DB46F54A-9F53-44EC-80F8-9E53F0B871CF}
		{22427A14-A525-4DE0-B7F9-CE316BA06230} = {DB46F54A-9F53-44EC-80F8-9E53F0B871CF}
		{BA726FCD-7A7A-4B2B-BC90-7C7CD4D4ABB7} = {DB46F54A-9F53-44EC-80F8-9E53F0B871CF}
		{452F4EDD-E92B-4673-B5FB-863595996614} = {DB46F54A-9F53-44EC-80F8-9E53F0B871CF}
		{75959B17-A901-49E1-A5E7-667349DC4203} = {DC7A7E4A-B4DC-4958-BAA5-2BBB1A153B5F}
		{925EF035-4A41-42E4-A3A4-B8E9AE52F6B7} = {ACA91C4A-33F0-4ECA-90D2-BEC0811764EE}
	EndGlobalSection
	GlobalSection(ExtensibilityGlobals) = postSolution
		SolutionGuid = {E3C61955-46C1-4D06-994F-C86A72B2B0E2}
	EndGlobalSection
EndGlobal
